
Microsoft Visual Studio Solution File, Format Version 12.00
# Visual Studio 15
VisualStudioVersion = 15.0.28307.136
MinimumVisualStudioVersion = 10.0.40219.1
Project("{FAE04EC0-301F-11D3-BF4B-00C04F79EFBC}") = "Study", "Study\Study.csproj", "{97BF1620-0A1D-4178-97EA-7AC20AF021FC}"
EndProject
Global
	GlobalSection(SolutionConfigurationPlatforms) = preSolution
		Debug|Any CPU = Debug|Any CPU
		Release|Any CPU = Release|Any CPU
	EndGlobalSection
	GlobalSection(ProjectConfigurationPlatforms) = postSolution
		{97BF1620-0A1D-4178-97EA-7AC20AF021FC}.Debug|Any CPU.ActiveCfg = Debug|Any CPU
		{97BF1620-0A1D-4178-97EA-7AC20AF021FC}.Debug|Any CPU.Build.0 = Debug|Any CPU
		{97BF1620-0A1D-4178-97EA-7AC20AF021FC}.Release|Any CPU.ActiveCfg = Release|Any CPU
		{97BF1620-0A1D-4178-97EA-7AC20AF021FC}.Release|Any CPU.Build.0 = Release|Any CPU
	EndGlobalSection
	GlobalSection(SolutionProperties) = preSolution
		HideSolutionNode = FALSE
	EndGlobalSection
	GlobalSection(ExtensibilityGlobals) = postSolution
		SolutionGuid = {59674DBA-A0AC-488F-A1D8-747277CEB2FF}
	EndGlobalSection
EndGlobal
