
Microsoft Visual Studio Solution File, Format Version 12.00
# Visual Studio 15
VisualStudioVersion = 15.0.28307.136
MinimumVisualStudioVersion = 10.0.40219.1
Project("{2150E333-8FDC-42A3-9474-1A3956D46DE8}") = "Api", "Api", "{B33662D2-3D73-4BB9-9194-7701F7CE6979}"
EndProject
Project("{9A19103F-16F7-4668-BE54-9A1E7A4F7556}") = "Api.Manage", "Api.Manage\Api.Manage.csproj", "{B5FE2B9C-976F-44E3-9CDD-CB6CB2F3F920}"
EndProject
Project("{2150E333-8FDC-42A3-9474-1A3956D46DE8}") = "Domain", "Domain", "{C723314C-52AC-4C52-861A-D9CEC69DB4DD}"
EndProject
Project("{FAE04EC0-301F-11D3-BF4B-00C04F79EFBC}") = "Model.Common", "Model.Common\Model.Common.csproj", "{CBF55EFC-5597-4751-93CC-911D122A309B}"
EndProject
Project("{2150E333-8FDC-42A3-9474-1A3956D46DE8}") = "Context", "Context", "{9AA2C1F8-1030-47BB-BCDE-E4AB0C56D0CE}"
EndProject
Project("{FAE04EC0-301F-11D3-BF4B-00C04F79EFBC}") = "DapperContext", "DapperContext\DapperContext.csproj", "{35A7A096-6D51-47DD-860D-7384DF431CE1}"
EndProject
Project("{FAE04EC0-301F-11D3-BF4B-00C04F79EFBC}") = "Model.Article", "Model.Article\Model.Article.csproj", "{75E1198D-7781-49A2-8B35-56F4EADCBBFB}"
EndProject
Project("{2150E333-8FDC-42A3-9474-1A3956D46DE8}") = "Test", "Test", "{1C5A5A57-B74A-4EEF-BF13-C833AB112C7E}"
EndProject
Project("{FAE04EC0-301F-11D3-BF4B-00C04F79EFBC}") = "UnitTestProject1", "UnitTestProject1\UnitTestProject1.csproj", "{A26450BD-3D64-42ED-9BF1-B71209E5F13F}"
EndProject
Global
	GlobalSection(SolutionConfigurationPlatforms) = preSolution
		Debug|Any CPU = Debug|Any CPU
		Release|Any CPU = Release|Any CPU
	EndGlobalSection
	GlobalSection(ProjectConfigurationPlatforms) = postSolution
		{B5FE2B9C-976F-44E3-9CDD-CB6CB2F3F920}.Debug|Any CPU.ActiveCfg = Debug|Any CPU
		{B5FE2B9C-976F-44E3-9CDD-CB6CB2F3F920}.Debug|Any CPU.Build.0 = Debug|Any CPU
		{B5FE2B9C-976F-44E3-9CDD-CB6CB2F3F920}.Release|Any CPU.ActiveCfg = Release|Any CPU
		{B5FE2B9C-976F-44E3-9CDD-CB6CB2F3F920}.Release|Any CPU.Build.0 = Release|Any CPU
		{CBF55EFC-5597-4751-93CC-911D122A309B}.Debug|Any CPU.ActiveCfg = Debug|Any CPU
		{CBF55EFC-5597-4751-93CC-911D122A309B}.Debug|Any CPU.Build.0 = Debug|Any CPU
		{CBF55EFC-5597-4751-93CC-911D122A309B}.Release|Any CPU.ActiveCfg = Release|Any CPU
		{CBF55EFC-5597-4751-93CC-911D122A309B}.Release|Any CPU.Build.0 = Release|Any CPU
		{35A7A096-6D51-47DD-860D-7384DF431CE1}.Debug|Any CPU.ActiveCfg = Debug|Any CPU
		{35A7A096-6D51-47DD-860D-7384DF431CE1}.Debug|Any CPU.Build.0 = Debug|Any CPU
		{35A7A096-6D51-47DD-860D-7384DF431CE1}.Release|Any CPU.ActiveCfg = Release|Any CPU
		{35A7A096-6D51-47DD-860D-7384DF431CE1}.Release|Any CPU.Build.0 = Release|Any CPU
		{75E1198D-7781-49A2-8B35-56F4EADCBBFB}.Debug|Any CPU.ActiveCfg = Debug|Any CPU
		{75E1198D-7781-49A2-8B35-56F4EADCBBFB}.Debug|Any CPU.Build.0 = Debug|Any CPU
		{75E1198D-7781-49A2-8B35-56F4EADCBBFB}.Release|Any CPU.ActiveCfg = Release|Any CPU
		{75E1198D-7781-49A2-8B35-56F4EADCBBFB}.Release|Any CPU.Build.0 = Release|Any CPU
		{A26450BD-3D64-42ED-9BF1-B71209E5F13F}.Debug|Any CPU.ActiveCfg = Debug|Any CPU
		{A26450BD-3D64-42ED-9BF1-B71209E5F13F}.Debug|Any CPU.Build.0 = Debug|Any CPU
		{A26450BD-3D64-42ED-9BF1-B71209E5F13F}.Release|Any CPU.ActiveCfg = Release|Any CPU
		{A26450BD-3D64-42ED-9BF1-B71209E5F13F}.Release|Any CPU.Build.0 = Release|Any CPU
	EndGlobalSection
	GlobalSection(SolutionProperties) = preSolution
		HideSolutionNode = FALSE
	EndGlobalSection
	GlobalSection(NestedProjects) = preSolution
		{B5FE2B9C-976F-44E3-9CDD-CB6CB2F3F920} = {B33662D2-3D73-4BB9-9194-7701F7CE6979}
		{CBF55EFC-5597-4751-93CC-911D122A309B} = {C723314C-52AC-4C52-861A-D9CEC69DB4DD}
		{35A7A096-6D51-47DD-860D-7384DF431CE1} = {9AA2C1F8-1030-47BB-BCDE-E4AB0C56D0CE}
		{75E1198D-7781-49A2-8B35-56F4EADCBBFB} = {C723314C-52AC-4C52-861A-D9CEC69DB4DD}
		{A26450BD-3D64-42ED-9BF1-B71209E5F13F} = {1C5A5A57-B74A-4EEF-BF13-C833AB112C7E}
	EndGlobalSection
	GlobalSection(ExtensibilityGlobals) = postSolution
		SolutionGuid = {E66D8FB2-2478-4CCD-B2B4-36BDBCDBCF70}
	EndGlobalSection
EndGlobal
